
Microsoft Visual Studio Solution File, Format Version 12.00
# Visual Studio Version 17
VisualStudioVersion = 17.4.33213.308
MinimumVisualStudioVersion = 10.0.40219.1
Project("{FAE04EC0-301F-11D3-BF4B-00C04F79EFBC}") = "RoomLibrary", "RoomLibrary\RoomLibrary.csproj", "{8872534B-B550-4620-912E-E3BDD0FC7D71}"
EndProject
Global
	GlobalSection(SolutionConfigurationPlatforms) = preSolution
		Debug|Any CPU = Debug|Any CPU
		Release|Any CPU = Release|Any CPU
	EndGlobalSection
	GlobalSection(ProjectConfigurationPlatforms) = postSolution
		{8872534B-B550-4620-912E-E3BDD0FC7D71}.Debug|Any CPU.ActiveCfg = Debug|Any CPU
		{8872534B-B550-4620-912E-E3BDD0FC7D71}.Debug|Any CPU.Build.0 = Debug|Any CPU
		{8872534B-B550-4620-912E-E3BDD0FC7D71}.Release|Any CPU.ActiveCfg = Release|Any CPU
		{8872534B-B550-4620-912E-E3BDD0FC7D71}.Release|Any CPU.Build.0 = Release|Any CPU
	EndGlobalSection
	GlobalSection(SolutionProperties) = preSolution
		HideSolutionNode = FALSE
	EndGlobalSection
	GlobalSection(ExtensibilityGlobals) = postSolution
		SolutionGuid = {A92F6237-2C4C-4631-B44D-FAB272B07AEC}
	EndGlobalSection
EndGlobal
